
Microsoft Visual Studio Solution File, Format Version 12.00
# Visual Studio Version 17
VisualStudioVersion = 17.0.32014.148
MinimumVisualStudioVersion = 10.0.40219.1
Project("{9A19103F-16F7-4668-BE54-9A1E7A4F7556}") = "VirtualLdap.Web", "VirtualLdap.Web\VirtualLdap.Web.csproj", "{923503CB-4DF3-43B0-8409-34E1064A26AA}"
EndProject
Project("{9A19103F-16F7-4668-BE54-9A1E7A4F7556}") = "VirtualLdap.EntityFrameworkCore", "VirtualLdap.EntityFrameworkCore\VirtualLdap.EntityFrameworkCore.csproj", "{FDEDD4E8-AE1D-47CD-8C1A-1FD5D66E7643}"
EndProject
Project("{9A19103F-16F7-4668-BE54-9A1E7A4F7556}") = "VirtualLdap.Core", "VirtualLdap.Core\VirtualLdap.Core.csproj", "{403B32BE-3C70-44D5-8306-E4618498D40A}"
EndProject
Project("{9A19103F-16F7-4668-BE54-9A1E7A4F7556}") = "VirtualLdap.Application", "VirtualLdap.Application\VirtualLdap.Application.csproj", "{20A3E397-2A2D-4683-B92E-7CDC0621C511}"
EndProject
Project("{2150E333-8FDC-42A3-9474-1A3956D46DE8}") = "Solution Items", "Solution Items", "{9EF9E072-3EA7-4C12-9064-6A02963539E2}"
	ProjectSection(SolutionItems) = preProject
		.dockerignore = .dockerignore
		Directory.Packages.props = Directory.Packages.props
		Dockerfile = Dockerfile
		README.md = README.md
	EndProjectSection
EndProject
Project("{2150E333-8FDC-42A3-9474-1A3956D46DE8}") = "tests", "tests", "{42B3FDFF-C32F-41D7-A6DB-DEDD3126B675}"
EndProject
Project("{9A19103F-16F7-4668-BE54-9A1E7A4F7556}") = "VirtualLdap.Test", "VirtualLdap.Test\VirtualLdap.Test.csproj", "{424D5051-8839-4969-A987-BBE96F894481}"
EndProject
Project("{2150E333-8FDC-42A3-9474-1A3956D46DE8}") = "src", "src", "{6E8EF6AF-F799-4C32-828A-2AE3254B8760}"
EndProject
Project("{9A19103F-16F7-4668-BE54-9A1E7A4F7556}") = "VirtualLdap.Web.Test", "VirtualLdap.Web.Test\VirtualLdap.Web.Test.csproj", "{4F72D429-0288-44A2-9234-816EB4C087A0}"
EndProject
Global
	GlobalSection(SolutionConfigurationPlatforms) = preSolution
		Debug|Any CPU = Debug|Any CPU
		Release|Any CPU = Release|Any CPU
	EndGlobalSection
	GlobalSection(ProjectConfigurationPlatforms) = postSolution
		{923503CB-4DF3-43B0-8409-34E1064A26AA}.Debug|Any CPU.ActiveCfg = Debug|Any CPU
		{923503CB-4DF3-43B0-8409-34E1064A26AA}.Debug|Any CPU.Build.0 = Debug|Any CPU
		{923503CB-4DF3-43B0-8409-34E1064A26AA}.Release|Any CPU.ActiveCfg = Release|Any CPU
		{923503CB-4DF3-43B0-8409-34E1064A26AA}.Release|Any CPU.Build.0 = Release|Any CPU
		{FDEDD4E8-AE1D-47CD-8C1A-1FD5D66E7643}.Debug|Any CPU.ActiveCfg = Debug|Any CPU
		{FDEDD4E8-AE1D-47CD-8C1A-1FD5D66E7643}.Debug|Any CPU.Build.0 = Debug|Any CPU
		{FDEDD4E8-AE1D-47CD-8C1A-1FD5D66E7643}.Release|Any CPU.ActiveCfg = Release|Any CPU
		{FDEDD4E8-AE1D-47CD-8C1A-1FD5D66E7643}.Release|Any CPU.Build.0 = Release|Any CPU
		{403B32BE-3C70-44D5-8306-E4618498D40A}.Debug|Any CPU.ActiveCfg = Debug|Any CPU
		{403B32BE-3C70-44D5-8306-E4618498D40A}.Debug|Any CPU.Build.0 = Debug|Any CPU
		{403B32BE-3C70-44D5-8306-E4618498D40A}.Release|Any CPU.ActiveCfg = Release|Any CPU
		{403B32BE-3C70-44D5-8306-E4618498D40A}.Release|Any CPU.Build.0 = Release|Any CPU
		{20A3E397-2A2D-4683-B92E-7CDC0621C511}.Debug|Any CPU.ActiveCfg = Debug|Any CPU
		{20A3E397-2A2D-4683-B92E-7CDC0621C511}.Debug|Any CPU.Build.0 = Debug|Any CPU
		{20A3E397-2A2D-4683-B92E-7CDC0621C511}.Release|Any CPU.ActiveCfg = Release|Any CPU
		{20A3E397-2A2D-4683-B92E-7CDC0621C511}.Release|Any CPU.Build.0 = Release|Any CPU
		{424D5051-8839-4969-A987-BBE96F894481}.Debug|Any CPU.ActiveCfg = Debug|Any CPU
		{424D5051-8839-4969-A987-BBE96F894481}.Debug|Any CPU.Build.0 = Debug|Any CPU
		{424D5051-8839-4969-A987-BBE96F894481}.Release|Any CPU.ActiveCfg = Release|Any CPU
		{424D5051-8839-4969-A987-BBE96F894481}.Release|Any CPU.Build.0 = Release|Any CPU
		{4F72D429-0288-44A2-9234-816EB4C087A0}.Debug|Any CPU.ActiveCfg = Debug|Any CPU
		{4F72D429-0288-44A2-9234-816EB4C087A0}.Debug|Any CPU.Build.0 = Debug|Any CPU
		{4F72D429-0288-44A2-9234-816EB4C087A0}.Release|Any CPU.ActiveCfg = Release|Any CPU
		{4F72D429-0288-44A2-9234-816EB4C087A0}.Release|Any CPU.Build.0 = Release|Any CPU
	EndGlobalSection
	GlobalSection(SolutionProperties) = preSolution
		HideSolutionNode = FALSE
	EndGlobalSection
	GlobalSection(NestedProjects) = preSolution
		{923503CB-4DF3-43B0-8409-34E1064A26AA} = {6E8EF6AF-F799-4C32-828A-2AE3254B8760}
		{FDEDD4E8-AE1D-47CD-8C1A-1FD5D66E7643} = {6E8EF6AF-F799-4C32-828A-2AE3254B8760}
		{403B32BE-3C70-44D5-8306-E4618498D40A} = {6E8EF6AF-F799-4C32-828A-2AE3254B8760}
		{20A3E397-2A2D-4683-B92E-7CDC0621C511} = {6E8EF6AF-F799-4C32-828A-2AE3254B8760}
		{424D5051-8839-4969-A987-BBE96F894481} = {42B3FDFF-C32F-41D7-A6DB-DEDD3126B675}
		{4F72D429-0288-44A2-9234-816EB4C087A0} = {42B3FDFF-C32F-41D7-A6DB-DEDD3126B675}
	EndGlobalSection
	GlobalSection(ExtensibilityGlobals) = postSolution
		SolutionGuid = {89BBDEC8-1517-4A77-8B95-1648B0D2021F}
	EndGlobalSection
EndGlobal
